
Microsoft Visual Studio Solution File, Format Version 12.00
# Visual Studio Version 16
VisualStudioVersion = 16.0.29411.108
MinimumVisualStudioVersion = 10.0.40219.1
Project("{FAE04EC0-301F-11D3-BF4B-00C04F79EFBC}") = "FaveApp.Android", "FaveApp\FaveApp.Android\FaveApp.Android.csproj", "{C5CDEB5F-3A18-4CC6-9549-096000E4470F}"
EndProject
Project("{FAE04EC0-301F-11D3-BF4B-00C04F79EFBC}") = "FaveApp.iOS", "FaveApp\FaveApp.iOS\FaveApp.iOS.csproj", "{B77CD1A5-C484-4E02-A9A3-FFCB8A707B79}"
EndProject
Project("{FAE04EC0-301F-11D3-BF4B-00C04F79EFBC}") = "FaveApp", "FaveApp\FaveApp\FaveApp.csproj", "{CC7F2171-EA67-493D-8946-B10B3F47B15D}"
EndProject
Global
	GlobalSection(SolutionConfigurationPlatforms) = preSolution
		Debug|Any CPU = Debug|Any CPU
		Debug|iPhone = Debug|iPhone
		Debug|iPhoneSimulator = Debug|iPhoneSimulator
		Release|Any CPU = Release|Any CPU
		Release|iPhone = Release|iPhone
		Release|iPhoneSimulator = Release|iPhoneSimulator
	EndGlobalSection
	GlobalSection(ProjectConfigurationPlatforms) = postSolution
		{C5CDEB5F-3A18-4CC6-9549-096000E4470F}.Debug|Any CPU.ActiveCfg = Debug|Any CPU
		{C5CDEB5F-3A18-4CC6-9549-096000E4470F}.Debug|Any CPU.Build.0 = Debug|Any CPU
		{C5CDEB5F-3A18-4CC6-9549-096000E4470F}.Debug|Any CPU.Deploy.0 = Debug|Any CPU
		{C5CDEB5F-3A18-4CC6-9549-096000E4470F}.Debug|iPhone.ActiveCfg = Debug|Any CPU
		{C5CDEB5F-3A18-4CC6-9549-096000E4470F}.Debug|iPhone.Build.0 = Debug|Any CPU
		{C5CDEB5F-3A18-4CC6-9549-096000E4470F}.Debug|iPhone.Deploy.0 = Debug|Any CPU
		{C5CDEB5F-3A18-4CC6-9549-096000E4470F}.Debug|iPhoneSimulator.ActiveCfg = Debug|Any CPU
		{C5CDEB5F-3A18-4CC6-9549-096000E4470F}.Debug|iPhoneSimulator.Build.0 = Debug|Any CPU
		{C5CDEB5F-3A18-4CC6-9549-096000E4470F}.Debug|iPhoneSimulator.Deploy.0 = Debug|Any CPU
		{C5CDEB5F-3A18-4CC6-9549-096000E4470F}.Release|Any CPU.ActiveCfg = Release|Any CPU
		{C5CDEB5F-3A18-4CC6-9549-096000E4470F}.Release|Any CPU.Build.0 = Release|Any CPU
		{C5CDEB5F-3A18-4CC6-9549-096000E4470F}.Release|Any CPU.Deploy.0 = Release|Any CPU
		{C5CDEB5F-3A18-4CC6-9549-096000E4470F}.Release|iPhone.ActiveCfg = Release|Any CPU
		{C5CDEB5F-3A18-4CC6-9549-096000E4470F}.Release|iPhone.Build.0 = Release|Any CPU
		{C5CDEB5F-3A18-4CC6-9549-096000E4470F}.Release|iPhone.Deploy.0 = Release|Any CPU
		{C5CDEB5F-3A18-4CC6-9549-096000E4470F}.Release|iPhoneSimulator.ActiveCfg = Release|Any CPU
		{C5CDEB5F-3A18-4CC6-9549-096000E4470F}.Release|iPhoneSimulator.Build.0 = Release|Any CPU
		{C5CDEB5F-3A18-4CC6-9549-096000E4470F}.Release|iPhoneSimulator.Deploy.0 = Release|Any CPU
		{B77CD1A5-C484-4E02-A9A3-FFCB8A707B79}.Debug|Any CPU.ActiveCfg = Debug|iPhoneSimulator
		{B77CD1A5-C484-4E02-A9A3-FFCB8A707B79}.Debug|Any CPU.Build.0 = Debug|iPhoneSimulator
		{B77CD1A5-C484-4E02-A9A3-FFCB8A707B79}.Debug|Any CPU.Deploy.0 = Debug|iPhoneSimulator
		{B77CD1A5-C484-4E02-A9A3-FFCB8A707B79}.Debug|iPhone.ActiveCfg = Debug|iPhone
		{B77CD1A5-C484-4E02-A9A3-FFCB8A707B79}.Debug|iPhone.Build.0 = Debug|iPhone
		{B77CD1A5-C484-4E02-A9A3-FFCB8A707B79}.Debug|iPhone.Deploy.0 = Debug|iPhone
		{B77CD1A5-C484-4E02-A9A3-FFCB8A707B79}.Debug|iPhoneSimulator.ActiveCfg = Debug|iPhoneSimulator
		{B77CD1A5-C484-4E02-A9A3-FFCB8A707B79}.Debug|iPhoneSimulator.Build.0 = Debug|iPhoneSimulator
		{B77CD1A5-C484-4E02-A9A3-FFCB8A707B79}.Debug|iPhoneSimulator.Deploy.0 = Debug|iPhoneSimulator
		{B77CD1A5-C484-4E02-A9A3-FFCB8A707B79}.Release|Any CPU.ActiveCfg = Release|iPhone
		{B77CD1A5-C484-4E02-A9A3-FFCB8A707B79}.Release|Any CPU.Build.0 = Release|iPhone
		{B77CD1A5-C484-4E02-A9A3-FFCB8A707B79}.Release|Any CPU.Deploy.0 = Release|iPhone
		{B77CD1A5-C484-4E02-A9A3-FFCB8A707B79}.Release|iPhone.ActiveCfg = Release|iPhone
		{B77CD1A5-C484-4E02-A9A3-FFCB8A707B79}.Release|iPhone.Build.0 = Release|iPhone
		{B77CD1A5-C484-4E02-A9A3-FFCB8A707B79}.Release|iPhone.Deploy.0 = Release|iPhone
		{B77CD1A5-C484-4E02-A9A3-FFCB8A707B79}.Release|iPhoneSimulator.ActiveCfg = Release|iPhoneSimulator
		{B77CD1A5-C484-4E02-A9A3-FFCB8A707B79}.Release|iPhoneSimulator.Build.0 = Release|iPhoneSimulator
		{B77CD1A5-C484-4E02-A9A3-FFCB8A707B79}.Release|iPhoneSimulator.Deploy.0 = Release|iPhoneSimulator
		{CC7F2171-EA67-493D-8946-B10B3F47B15D}.Debug|Any CPU.ActiveCfg = Debug|Any CPU
		{CC7F2171-EA67-493D-8946-B10B3F47B15D}.Debug|Any CPU.Build.0 = Debug|Any CPU
		{CC7F2171-EA67-493D-8946-B10B3F47B15D}.Debug|Any CPU.Deploy.0 = Debug|Any CPU
		{CC7F2171-EA67-493D-8946-B10B3F47B15D}.Debug|iPhone.ActiveCfg = Debug|Any CPU
		{CC7F2171-EA67-493D-8946-B10B3F47B15D}.Debug|iPhone.Build.0 = Debug|Any CPU
		{CC7F2171-EA67-493D-8946-B10B3F47B15D}.Debug|iPhone.Deploy.0 = Debug|Any CPU
		{CC7F2171-EA67-493D-8946-B10B3F47B15D}.Debug|iPhoneSimulator.ActiveCfg = Debug|Any CPU
		{CC7F2171-EA67-493D-8946-B10B3F47B15D}.Debug|iPhoneSimulator.Build.0 = Debug|Any CPU
		{CC7F2171-EA67-493D-8946-B10B3F47B15D}.Debug|iPhoneSimulator.Deploy.0 = Debug|Any CPU
		{CC7F2171-EA67-493D-8946-B10B3F47B15D}.Release|Any CPU.ActiveCfg = Release|Any CPU
		{CC7F2171-EA67-493D-8946-B10B3F47B15D}.Release|Any CPU.Build.0 = Release|Any CPU
		{CC7F2171-EA67-493D-8946-B10B3F47B15D}.Release|Any CPU.Deploy.0 = Release|Any CPU
		{CC7F2171-EA67-493D-8946-B10B3F47B15D}.Release|iPhone.ActiveCfg = Release|Any CPU
		{CC7F2171-EA67-493D-8946-B10B3F47B15D}.Release|iPhone.Build.0 = Release|Any CPU
		{CC7F2171-EA67-493D-8946-B10B3F47B15D}.Release|iPhone.Deploy.0 = Release|Any CPU
		{CC7F2171-EA67-493D-8946-B10B3F47B15D}.Release|iPhoneSimulator.ActiveCfg = Release|Any CPU
		{CC7F2171-EA67-493D-8946-B10B3F47B15D}.Release|iPhoneSimulator.Build.0 = Release|Any CPU
		{CC7F2171-EA67-493D-8946-B10B3F47B15D}.Release|iPhoneSimulator.Deploy.0 = Release|Any CPU
	EndGlobalSection
	GlobalSection(SolutionProperties) = preSolution
		HideSolutionNode = FALSE
	EndGlobalSection
	GlobalSection(ExtensibilityGlobals) = postSolution
		SolutionGuid = {60498604-5933-487F-A758-E9B013C69E7A}
	EndGlobalSection
EndGlobal
